
Microsoft Visual Studio Solution File, Format Version 12.00
# Visual Studio Version 17
VisualStudioVersion = 17.14.36203.30 d17.14
MinimumVisualStudioVersion = 10.0.40219.1
Project("{FAE04EC0-301F-11D3-BF4B-00C04F79EFBC}") = "PinkIncNGO", "PinkIncNGO\PinkIncNGO.csproj", "{EDFAFED3-61C6-4AC7-B2A0-90BFBF320881}"
EndProject
Global
	GlobalSection(SolutionConfigurationPlatforms) = preSolution
		Debug|Any CPU = Debug|Any CPU
		Release|Any CPU = Release|Any CPU
	EndGlobalSection
	GlobalSection(ProjectConfigurationPlatforms) = postSolution
		{EDFAFED3-61C6-4AC7-B2A0-90BFBF320881}.Debug|Any CPU.ActiveCfg = Debug|Any CPU
		{EDFAFED3-61C6-4AC7-B2A0-90BFBF320881}.Debug|Any CPU.Build.0 = Debug|Any CPU
		{EDFAFED3-61C6-4AC7-B2A0-90BFBF320881}.Release|Any CPU.ActiveCfg = Release|Any CPU
		{EDFAFED3-61C6-4AC7-B2A0-90BFBF320881}.Release|Any CPU.Build.0 = Release|Any CPU
	EndGlobalSection
	GlobalSection(SolutionProperties) = preSolution
		HideSolutionNode = FALSE
	EndGlobalSection
	GlobalSection(ExtensibilityGlobals) = postSolution
		SolutionGuid = {FAC404FB-C24D-4343-95B5-84FA89EC4F4D}
	EndGlobalSection
EndGlobal
